<?xml version="1.0" encoding="utf-8"?>
<Project ToolsVersion="4.0" xmlns="http://schemas.microsoft.com/developer/msbuild/2003">
  <ItemGroup>
    <Filter Include="Source Files">
      <UniqueIdentifier>{4FC737F1-C7A5-4376-A066-2A32D752A2FF}</UniqueIdentifier>
      <Extensions>cpp;c;cc;cxx;c++;cppm;ixx;def;odl;idl;hpj;bat;asm;asmx</Extensions>
    </Filter>
    <Filter Include="Header Files">
      <UniqueIdentifier>{93995380-89BD-4b04-88EB-625FBE52EBFB}</UniqueIdentifier>
      <Extensions>h;hh;hpp;hxx;h++;hm;inl;inc;ipp;xsd</Extensions>
    </Filter>
    <Filter Include="Resource Files">
      <UniqueIdentifier>{67DA6AB6-F800-4c08-8B7A-83BB121AAD01}</UniqueIdentifier>
      <Extensions>rc;ico;cur;bmp;dlg;rc2;rct;bin;rgs;gif;jpg;jpeg;jpe;resx;tiff;tif;png;wav;mfcribbon-ms</Extensions>
    </Filter>
  </ItemGroup>
  <ItemGroup>
    <ClCompile Include="EasyLib.cpp">
      <Filter>Source Files</Filter>
    </ClCompile>
    <ClCompile Include="Easy\Foundation\CString.cpp">
      <Filter>Source Files</Filter>
    </ClCompile>
    <ClCompile Include="Easy\Foundation\CharacterSet.cpp">
      <Filter>Source Files</Filter>
    </ClCompile>
    <ClCompile Include="Easy\Math\Hashing\MurmurHash64B.cpp">
      <Filter>Source Files</Filter>
    </ClCompile>
    <ClCompile Include="Easy\Concurrency\SimpleLock.cpp">
      <Filter>Source Files</Filter>
    </ClCompile>
    <ClCompile Include="Easy\Concurrency\ScopeLock.cpp">
      <Filter>Source Files</Filter>
    </ClCompile>
    <ClCompile Include="Easy\Formatters\DateFormatter.cpp">
      <Filter>Source Files</Filter>
    </ClCompile>
    <ClCompile Include="Easy\Foundation\CharacterSetData.cpp">
      <Filter>Source Files</Filter>
    </ClCompile>
    <ClCompile Include="Easy\Tool\Stack.cpp">
      <Filter>Source Files</Filter>
    </ClCompile>
    <ClCompile Include="Easy\Tool\TeuchosStackTrace\TeuchosStackTrace.cpp">
      <Filter>Source Files</Filter>
    </ClCompile>
    <ClCompile Include="Easy\Tool\StackWalker\StackWalker.cpp">
      <Filter>Source Files</Filter>
    </ClCompile>
    <ClCompile Include="Easy\FileSystem\File.cpp">
      <Filter>Source Files</Filter>
    </ClCompile>
    <ClCompile Include="Easy\FileSystem\Path.cpp">
      <Filter>Source Files</Filter>
    </ClCompile>
    <ClCompile Include="Easy\Foundation\FileStream.cpp">
      <Filter>Source Files</Filter>
    </ClCompile>
    <ClCompile Include="Easy\FileSystem\FileAttributeService.cpp">
      <Filter>Source Files</Filter>
    </ClCompile>
    <ClCompile Include="Easy\FileSystem\Windows\FileAttributeServiceWin32.cpp">
      <Filter>Source Files</Filter>
    </ClCompile>
    <ClCompile Include="Easy\Foundation\Date.cpp">
      <Filter>Source Files</Filter>
    </ClCompile>
    <ClCompile Include="Easy\FileSystem\Windows\DirectoryServiceWin32.cpp">
      <Filter>Source Files</Filter>
    </ClCompile>
    <ClCompile Include="Easy\FileSystem\DirectoryService.cpp">
      <Filter>Source Files</Filter>
    </ClCompile>
    <ClCompile Include="Easy\FileSystem\Directory.cpp">
      <Filter>Source Files</Filter>
    </ClCompile>
    <ClCompile Include="Easy\Foundation\Number.cpp">
      <Filter>Source Files</Filter>
    </ClCompile>
    <ClCompile Include="Easy\Tool\Logging\Logging.cpp">
      <Filter>Source Files</Filter>
    </ClCompile>
    <ClCompile Include="Easy\Other\src\Currency.cpp">
      <Filter>Source Files</Filter>
    </ClCompile>
    <ClCompile Include="Easy\Other\src\Language.cpp">
      <Filter>Source Files</Filter>
    </ClCompile>
    <ClCompile Include="Easy\Other\src\LanguageWriting.cpp">
      <Filter>Source Files</Filter>
    </ClCompile>
    <ClCompile Include="Easy\Basic\src\DataSize.cpp">
      <Filter>Source Files</Filter>
    </ClCompile>
    <ClCompile Include="Easy\Basic\src\Limits.cpp">
      <Filter>Source Files</Filter>
    </ClCompile>
    <ClCompile Include="Easy\Basic\src\Math.cpp">
      <Filter>Source Files</Filter>
    </ClCompile>
    <ClCompile Include="Easy\Basic\src\Time.cpp">
      <Filter>Source Files</Filter>
    </ClCompile>
    <ClCompile Include="Easy\Basic\src\TimeUnit.cpp">
      <Filter>Source Files</Filter>
    </ClCompile>
  </ItemGroup>
  <ItemGroup>
    <ClInclude Include="Easy\Easy.h">
      <Filter>Header Files</Filter>
    </ClInclude>
    <ClInclude Include="Easy\Basic\Utilities.h">
      <Filter>Header Files</Filter>
    </ClInclude>
    <ClInclude Include="Easy\Foundation\CString.h">
      <Filter>Header Files</Filter>
    </ClInclude>
    <ClInclude Include="Easy\Foundation\Date.h">
      <Filter>Header Files</Filter>
    </ClInclude>
    <ClInclude Include="Easy\Foundation\Number.h">
      <Filter>Header Files</Filter>
    </ClInclude>
    <ClInclude Include="Easy\Foundation\String.h">
      <Filter>Header Files</Filter>
    </ClInclude>
    <ClInclude Include="Easy\Basic\Limits.h">
      <Filter>Header Files</Filter>
    </ClInclude>
    <ClInclude Include="Easy\Basic\Constants.h">
      <Filter>Header Files</Filter>
    </ClInclude>
    <ClInclude Include="Easy\Basic\Defines.h">
      <Filter>Header Files</Filter>
    </ClInclude>
    <ClInclude Include="Easy\Basic\Math.h">
      <Filter>Header Files</Filter>
    </ClInclude>
    <ClInclude Include="Easy\Foundation\Character.h">
      <Filter>Header Files</Filter>
    </ClInclude>
    <ClInclude Include="Easy\Foundation\CharacterSet.h">
      <Filter>Header Files</Filter>
    </ClInclude>
    <ClInclude Include="Easy\Foundation\Hasher.h">
      <Filter>Header Files</Filter>
    </ClInclude>
    <ClInclude Include="Easy\Foundation\BasicString.h">
      <Filter>Header Files</Filter>
    </ClInclude>
    <ClInclude Include="Easy\Basic\Constraints.h">
      <Filter>Header Files</Filter>
    </ClInclude>
    <ClInclude Include="Easy\Collections\Collections.h">
      <Filter>Header Files</Filter>
    </ClInclude>
    <ClInclude Include="Easy\Collections\Collection.h">
      <Filter>Header Files</Filter>
    </ClInclude>
    <ClInclude Include="Easy\Math\Hashing\MurmurHash64B.h">
      <Filter>Header Files</Filter>
    </ClInclude>
    <ClInclude Include="Easy\Samples\Samples.h">
      <Filter>Header Files</Filter>
    </ClInclude>
    <ClInclude Include="Easy\Samples\Data\SimpleNumbersSample.h">
      <Filter>Header Files</Filter>
    </ClInclude>
    <ClInclude Include="Easy\Formatters\NumberFormatter.h">
      <Filter>Header Files</Filter>
    </ClInclude>
    <ClInclude Include="Easy\Formatters\StringFormatter.h">
      <Filter>Header Files</Filter>
    </ClInclude>
    <ClInclude Include="Easy\Basic\Basic.h">
      <Filter>Header Files</Filter>
    </ClInclude>
    <ClInclude Include="Easy\Formatters\ByteFormatter.h">
      <Filter>Header Files</Filter>
    </ClInclude>
    <ClInclude Include="Easy\Concurrency\Atomic.h">
      <Filter>Header Files</Filter>
    </ClInclude>
    <ClInclude Include="Easy\Concurrency\SimpleLock.h">
      <Filter>Header Files</Filter>
    </ClInclude>
    <ClInclude Include="Easy\Concurrency\Thread.h">
      <Filter>Header Files</Filter>
    </ClInclude>
    <ClInclude Include="Easy\Concurrency\ScopeLock.h">
      <Filter>Header Files</Filter>
    </ClInclude>
    <ClInclude Include="Easy\Collections\Enumeration\MutableIterator.h">
      <Filter>Header Files</Filter>
    </ClInclude>
    <ClInclude Include="Easy\Collections\Array\BaseList.h">
      <Filter>Header Files</Filter>
    </ClInclude>
    <ClInclude Include="Easy\Collections\Array\List.h">
      <Filter>Header Files</Filter>
    </ClInclude>
    <ClInclude Include="Easy\Collections\Array\Vector.h">
      <Filter>Header Files</Filter>
    </ClInclude>
    <ClInclude Include="Easy\Collections\Set\Set.h">
      <Filter>Header Files</Filter>
    </ClInclude>
    <ClInclude Include="Easy\Collections\Set\BaseSet.h">
      <Filter>Header Files</Filter>
    </ClInclude>
    <ClInclude Include="Easy\Collections\Set\SimpleSet.h">
      <Filter>Header Files</Filter>
    </ClInclude>
    <ClInclude Include="Easy\Math\Sorting\BubbleSort.h">
      <Filter>Header Files</Filter>
    </ClInclude>
    <ClInclude Include="Easy\Collections\Utilities\CountingNumbers.h">
      <Filter>Header Files</Filter>
    </ClInclude>
    <ClInclude Include="Easy\Collections\Utilities\Counting.h">
      <Filter>Header Files</Filter>
    </ClInclude>
    <ClInclude Include="Easy\Collections\Utilities\SortingNumbers.h">
      <Filter>Header Files</Filter>
    </ClInclude>
    <ClInclude Include="Easy\Collections\Utilities\Sorting.h">
      <Filter>Header Files</Filter>
    </ClInclude>
    <ClInclude Include="Easy\Math\Sorting\ReverseSort.h">
      <Filter>Header Files</Filter>
    </ClInclude>
    <ClInclude Include="Easy\Math\Sorting\InsertionSort.h">
      <Filter>Header Files</Filter>
    </ClInclude>
    <ClInclude Include="Easy\Collections\Enumeration\IteratorPointer.h">
      <Filter>Header Files</Filter>
    </ClInclude>
    <ClInclude Include="Easy\Math\Sorting\SelectionSort.h">
      <Filter>Header Files</Filter>
    </ClInclude>
    <ClInclude Include="Easy\Math\Sorting\QuickSort.h">
      <Filter>Header Files</Filter>
    </ClInclude>
    <ClInclude Include="Easy\Math\Sorting\MergeSort.h">
      <Filter>Header Files</Filter>
    </ClInclude>
    <ClInclude Include="Easy\Math\Sorting\HeapSort.h">
      <Filter>Header Files</Filter>
    </ClInclude>
    <ClInclude Include="Easy\Math\Sorting\CheckSort.h">
      <Filter>Header Files</Filter>
    </ClInclude>
    <ClInclude Include="Easy\Collections\Enumeration\ConstIterator.h">
      <Filter>Header Files</Filter>
    </ClInclude>
    <ClInclude Include="Easy\Collections\Enumeration\InternalIterator.h">
      <Filter>Header Files</Filter>
    </ClInclude>
    <ClInclude Include="Easy\Collections\Dictionary\Dictionary.h">
      <Filter>Header Files</Filter>
    </ClInclude>
    <ClInclude Include="Easy\Collections\Enumeration\PairIterator.h">
      <Filter>Header Files</Filter>
    </ClInclude>
    <ClInclude Include="Easy\Formatters\DateFormatter.h">
      <Filter>Header Files</Filter>
    </ClInclude>
    <ClInclude Include="Easy\Foundation\CharacterSetData.h">
      <Filter>Header Files</Filter>
    </ClInclude>
    <ClInclude Include="Easy\Basic\System.h">
      <Filter>Header Files</Filter>
    </ClInclude>
    <ClInclude Include="Easy\Concurrency\ThreadManager.h">
      <Filter>Header Files</Filter>
    </ClInclude>
    <ClInclude Include="Easy\Tool\Stack.h">
      <Filter>Header Files</Filter>
    </ClInclude>
    <ClInclude Include="Easy\Tool\ErrorHandling.h">
      <Filter>Header Files</Filter>
    </ClInclude>
    <ClInclude Include="Easy\Tool\TeuchosStackTrace\Teuchos_ConfigDefs.hpp">
      <Filter>Header Files</Filter>
    </ClInclude>
    <ClInclude Include="Easy\Tool\TeuchosStackTrace\TeuchosStackTrace.hpp">
      <Filter>Header Files</Filter>
    </ClInclude>
    <ClInclude Include="Easy\Tool\StackWalker\StackWalker.h">
      <Filter>Header Files</Filter>
    </ClInclude>
    <ClInclude Include="Easy\FileSystem\File.h">
      <Filter>Header Files</Filter>
    </ClInclude>
    <ClInclude Include="Easy\FileSystem\Path.h">
      <Filter>Header Files</Filter>
    </ClInclude>
    <ClInclude Include="Easy\FileSystem\Error.h">
      <Filter>Header Files</Filter>
    </ClInclude>
    <ClInclude Include="Easy\Samples\Helpers\SampleTest.h">
      <Filter>Header Files</Filter>
    </ClInclude>
    <ClInclude Include="Easy\Foundation\Stream.h">
      <Filter>Header Files</Filter>
    </ClInclude>
    <ClInclude Include="Easy\Foundation\FileStream.h">
      <Filter>Header Files</Filter>
    </ClInclude>
    <ClInclude Include="Easy\Basic\Time.h">
      <Filter>Header Files</Filter>
    </ClInclude>
    <ClInclude Include="Easy\Basic\Iterator.h">
      <Filter>Header Files</Filter>
    </ClInclude>
    <ClInclude Include="Easy\Basic\String.h">
      <Filter>Header Files</Filter>
    </ClInclude>
    <ClInclude Include="Easy\Basic\Buffer.h">
      <Filter>Header Files</Filter>
    </ClInclude>
    <ClInclude Include="Easy\Basic\Hashable.h">
      <Filter>Header Files</Filter>
    </ClInclude>
    <ClInclude Include="Easy\Basic\TimeUnit.h">
      <Filter>Header Files</Filter>
    </ClInclude>
    <ClInclude Include="Easy\Formatters\TimeFormatter.h">
      <Filter>Header Files</Filter>
    </ClInclude>
    <ClInclude Include="Easy\Basic\DataSize.h">
      <Filter>Header Files</Filter>
    </ClInclude>
    <ClInclude Include="Easy\FileSystem\FileAttributeService.h">
      <Filter>Header Files</Filter>
    </ClInclude>
    <ClInclude Include="Easy\FileSystem\Windows\FileAttributeServiceWin32.h">
      <Filter>Header Files</Filter>
    </ClInclude>
    <ClInclude Include="Easy\FileSystem\Windows\FileTimeWin32.h">
      <Filter>Header Files</Filter>
    </ClInclude>
    <ClInclude Include="Easy\FileSystem\DirectoryService.h">
      <Filter>Header Files</Filter>
    </ClInclude>
    <ClInclude Include="Easy\FileSystem\Windows\DirectoryServiceWin32.h">
      <Filter>Header Files</Filter>
    </ClInclude>
    <ClInclude Include="Easy\FileSystem\Directory.h">
      <Filter>Header Files</Filter>
    </ClInclude>
    <ClInclude Include="Easy\FileSystem\Windows\WindowsFileSystem.h">
      <Filter>Header Files</Filter>
    </ClInclude>
    <ClInclude Include="Easy\FileSystem\FileAttributes.h">
      <Filter>Header Files</Filter>
    </ClInclude>
    <ClInclude Include="Easy\Samples\Stuff\BasicStructs1.h">
      <Filter>Header Files</Filter>
    </ClInclude>
    <ClInclude Include="Easy\Samples\Stuff\Buffer1.h">
      <Filter>Header Files</Filter>
    </ClInclude>
    <ClInclude Include="Easy\Samples\Stuff\CollectionsStuff1.h">
      <Filter>Header Files</Filter>
    </ClInclude>
    <ClInclude Include="Easy\Samples\Stuff\CountingStuff1.h">
      <Filter>Header Files</Filter>
    </ClInclude>
    <ClInclude Include="Easy\Samples\Stuff\FileSystemStuff1.h">
      <Filter>Header Files</Filter>
    </ClInclude>
    <ClInclude Include="Easy\Samples\Stuff\Limits1.h">
      <Filter>Header Files</Filter>
    </ClInclude>
    <ClInclude Include="Easy\Samples\Stuff\MappingStuff1.h">
      <Filter>Header Files</Filter>
    </ClInclude>
    <ClInclude Include="Easy\Samples\Stuff\OverflowStuff1.h">
      <Filter>Header Files</Filter>
    </ClInclude>
    <ClInclude Include="Easy\Samples\Stuff\SmallCharsetStuff1.h">
      <Filter>Header Files</Filter>
    </ClInclude>
    <ClInclude Include="Easy\Samples\Stuff\SortingPerformance1.h">
      <Filter>Header Files</Filter>
    </ClInclude>
    <ClInclude Include="Easy\Samples\Stuff\SortingStuff1.h">
      <Filter>Header Files</Filter>
    </ClInclude>
    <ClInclude Include="Easy\Samples\Stuff\StringTests1.h">
      <Filter>Header Files</Filter>
    </ClInclude>
    <ClInclude Include="Easy\Samples\Stuff\TimeFormatterStuff1.h">
      <Filter>Header Files</Filter>
    </ClInclude>
    <ClInclude Include="Easy\Samples\Stuff\TimeStuff1.h">
      <Filter>Header Files</Filter>
    </ClInclude>
    <ClInclude Include="Easy\Samples\Stuff\ToolStuff1.h">
      <Filter>Header Files</Filter>
    </ClInclude>
    <ClInclude Include="Easy\Samples\Stuff\ToString1.h">
      <Filter>Header Files</Filter>
    </ClInclude>
    <ClInclude Include="Easy\Basic\Parser.h">
      <Filter>Header Files</Filter>
    </ClInclude>
    <ClInclude Include="Easy\Collections\Utilities\Mapper.h">
      <Filter>Header Files</Filter>
    </ClInclude>
    <ClInclude Include="Easy\Collections\Filter\Filter.h">
      <Filter>Header Files</Filter>
    </ClInclude>
    <ClInclude Include="Easy\Collections\Utilities\Transformer.h">
      <Filter>Header Files</Filter>
    </ClInclude>
    <ClInclude Include="Easy\Collections\Utilities\Transformers.h">
      <Filter>Header Files</Filter>
    </ClInclude>
    <ClInclude Include="Easy\Collections\Filter\Filters.h">
      <Filter>Header Files</Filter>
    </ClInclude>
    <ClInclude Include="Easy\Tool\Logging\Logging.h">
      <Filter>Header Files</Filter>
    </ClInclude>
    <ClInclude Include="Easy\Samples\Helpers\Logging.h">
      <Filter>Header Files</Filter>
    </ClInclude>
    <ClInclude Include="Easy\Samples\Data\MovieSamples.h">
      <Filter>Header Files</Filter>
    </ClInclude>
    <ClInclude Include="Easy\Samples\Data\MovieSample.h">
      <Filter>Header Files</Filter>
    </ClInclude>
    <ClInclude Include="Easy\Other\Currency.h">
      <Filter>Header Files</Filter>
    </ClInclude>
    <ClInclude Include="Easy\Other\Currencies.h">
      <Filter>Header Files</Filter>
    </ClInclude>
    <ClInclude Include="Easy\Other\Language.h">
      <Filter>Header Files</Filter>
    </ClInclude>
    <ClInclude Include="Easy\Other\Languages.h">
      <Filter>Header Files</Filter>
    </ClInclude>
    <ClInclude Include="Easy\Other\LanguageWriting.h">
      <Filter>Header Files</Filter>
    </ClInclude>
    <ClInclude Include="Easy\Other\LanguageTraits.h">
      <Filter>Header Files</Filter>
    </ClInclude>
    <ClInclude Include="Easy\Other\Impl\CurrencyImpl.h">
      <Filter>Header Files</Filter>
    </ClInclude>
    <ClInclude Include="Easy\Other\Impl\LanguageImpl.h">
      <Filter>Header Files</Filter>
    </ClInclude>
    <ClInclude Include="Easy\Other\Impl\LanguageWritingImpl.h">
      <Filter>Header Files</Filter>
    </ClInclude>
  </ItemGroup>
</Project>